
Microsoft Visual Studio Solution File, Format Version 12.00
# Visual Studio Version 17
VisualStudioVersion = 17.1.32228.430
MinimumVisualStudioVersion = 10.0.40219.1
Project("{9A19103F-16F7-4668-BE54-9A1E7A4F7556}") = "BasicIntroduction", "BasicIntroduction\BasicIntroduction.csproj", "{0C7FF0BB-91A4-462A-B1F4-2AC99BE084FE}"
EndProject
Project("{9A19103F-16F7-4668-BE54-9A1E7A4F7556}") = "BasicSyntax", "BasicSyntax\BasicSyntax.csproj", "{9DD05C64-3352-4181-B328-70179D464E66}"
EndProject
Project("{9A19103F-16F7-4668-BE54-9A1E7A4F7556}") = "DataTypesAndVariables", "DataTypesAndVariables\DataTypesAndVariables.csproj", "{BB11D1B8-B23A-4A62-91A8-EE335E2B82B3}"
EndProject
Project("{9A19103F-16F7-4668-BE54-9A1E7A4F7556}") = "DataTypesAndVariables.Lab", "DataTypesAndVariables.Lab\DataTypesAndVariables.Lab.csproj", "{2E942C81-7B6C-4038-8517-7552D62BA40E}"
EndProject
Project("{9A19103F-16F7-4668-BE54-9A1E7A4F7556}") = "Arrays", "Arrays\Arrays.csproj", "{A389FA02-DD84-4475-B9F4-D5229B9951D0}"
EndProject
Project("{9A19103F-16F7-4668-BE54-9A1E7A4F7556}") = "Lists", "Lists\Lists.csproj", "{C5B5FCF5-B77A-4673-AC9D-12CA0D3F61A5}"
EndProject
Project("{9A19103F-16F7-4668-BE54-9A1E7A4F7556}") = "Methods", "Methods\Methods.csproj", "{00B25F89-98F1-4C67-9210-C98507CA4379}"
EndProject
Project("{9A19103F-16F7-4668-BE54-9A1E7A4F7556}") = "Methods.Lab", "Methods.Lab\Methods.Lab.csproj", "{98D7593F-A65B-4FBC-A47A-F8D75A289DD3}"
EndProject
Project("{9A19103F-16F7-4668-BE54-9A1E7A4F7556}") = "ClassesAndObjects", "ClassesAndObjects\ClassesAndObjects.csproj", "{9A5978BF-741D-4FA8-A8C9-2703F78D9A54}"
EndProject
Project("{9A19103F-16F7-4668-BE54-9A1E7A4F7556}") = "ClassesAndObjects.Labs", "ClassesAndObjects.Labs\ClassesAndObjects.Labs.csproj", "{589F78AE-1EEE-4BE9-B2B6-07AD0888533A}"
EndProject
Project("{9A19103F-16F7-4668-BE54-9A1E7A4F7556}") = "Inheritance", "Inheritance\Inheritance.csproj", "{B7B1BEC9-E034-47AB-BECD-28F17F41E475}"
EndProject
Project("{9A19103F-16F7-4668-BE54-9A1E7A4F7556}") = "CodingConvention", "CodingConvention\CodingConvention.csproj", "{8DA6AD0B-4BF7-4FDD-B517-BE6A98825600}"
EndProject
Project("{9A19103F-16F7-4668-BE54-9A1E7A4F7556}") = "BookStoreApplication", "BookStoreApplication\BookStoreApplication.csproj", "{78DDA6B5-E6B0-4482-803D-2ABE895E4EF5}"
EndProject
Project("{9A19103F-16F7-4668-BE54-9A1E7A4F7556}") = "BasicGUIApp", "BasicGUIApp\BasicGUIApp.csproj", "{E56A9EEA-6A05-4931-8D75-45527C30CB50}"
EndProject
Project("{FAE04EC0-301F-11D3-BF4B-00C04F79EFBC}") = "TicTacToe", "TicTacToe\TicTacToe.csproj", "{C6937C2F-4304-4086-B6D1-E523F56E45AE}"
EndProject
Global
	GlobalSection(SolutionConfigurationPlatforms) = preSolution
		Debug|Any CPU = Debug|Any CPU
		Release|Any CPU = Release|Any CPU
	EndGlobalSection
	GlobalSection(ProjectConfigurationPlatforms) = postSolution
		{0C7FF0BB-91A4-462A-B1F4-2AC99BE084FE}.Debug|Any CPU.ActiveCfg = Debug|Any CPU
		{0C7FF0BB-91A4-462A-B1F4-2AC99BE084FE}.Debug|Any CPU.Build.0 = Debug|Any CPU
		{0C7FF0BB-91A4-462A-B1F4-2AC99BE084FE}.Release|Any CPU.ActiveCfg = Release|Any CPU
		{0C7FF0BB-91A4-462A-B1F4-2AC99BE084FE}.Release|Any CPU.Build.0 = Release|Any CPU
		{9DD05C64-3352-4181-B328-70179D464E66}.Debug|Any CPU.ActiveCfg = Debug|Any CPU
		{9DD05C64-3352-4181-B328-70179D464E66}.Debug|Any CPU.Build.0 = Debug|Any CPU
		{9DD05C64-3352-4181-B328-70179D464E66}.Release|Any CPU.ActiveCfg = Release|Any CPU
		{9DD05C64-3352-4181-B328-70179D464E66}.Release|Any CPU.Build.0 = Release|Any CPU
		{BB11D1B8-B23A-4A62-91A8-EE335E2B82B3}.Debug|Any CPU.ActiveCfg = Debug|Any CPU
		{BB11D1B8-B23A-4A62-91A8-EE335E2B82B3}.Debug|Any CPU.Build.0 = Debug|Any CPU
		{BB11D1B8-B23A-4A62-91A8-EE335E2B82B3}.Release|Any CPU.ActiveCfg = Release|Any CPU
		{BB11D1B8-B23A-4A62-91A8-EE335E2B82B3}.Release|Any CPU.Build.0 = Release|Any CPU
		{2E942C81-7B6C-4038-8517-7552D62BA40E}.Debug|Any CPU.ActiveCfg = Debug|Any CPU
		{2E942C81-7B6C-4038-8517-7552D62BA40E}.Debug|Any CPU.Build.0 = Debug|Any CPU
		{2E942C81-7B6C-4038-8517-7552D62BA40E}.Release|Any CPU.ActiveCfg = Release|Any CPU
		{2E942C81-7B6C-4038-8517-7552D62BA40E}.Release|Any CPU.Build.0 = Release|Any CPU
		{A389FA02-DD84-4475-B9F4-D5229B9951D0}.Debug|Any CPU.ActiveCfg = Debug|Any CPU
		{A389FA02-DD84-4475-B9F4-D5229B9951D0}.Debug|Any CPU.Build.0 = Debug|Any CPU
		{A389FA02-DD84-4475-B9F4-D5229B9951D0}.Release|Any CPU.ActiveCfg = Release|Any CPU
		{A389FA02-DD84-4475-B9F4-D5229B9951D0}.Release|Any CPU.Build.0 = Release|Any CPU
		{C5B5FCF5-B77A-4673-AC9D-12CA0D3F61A5}.Debug|Any CPU.ActiveCfg = Debug|Any CPU
		{C5B5FCF5-B77A-4673-AC9D-12CA0D3F61A5}.Debug|Any CPU.Build.0 = Debug|Any CPU
		{C5B5FCF5-B77A-4673-AC9D-12CA0D3F61A5}.Release|Any CPU.ActiveCfg = Release|Any CPU
		{C5B5FCF5-B77A-4673-AC9D-12CA0D3F61A5}.Release|Any CPU.Build.0 = Release|Any CPU
		{00B25F89-98F1-4C67-9210-C98507CA4379}.Debug|Any CPU.ActiveCfg = Debug|Any CPU
		{00B25F89-98F1-4C67-9210-C98507CA4379}.Debug|Any CPU.Build.0 = Debug|Any CPU
		{00B25F89-98F1-4C67-9210-C98507CA4379}.Release|Any CPU.ActiveCfg = Release|Any CPU
		{00B25F89-98F1-4C67-9210-C98507CA4379}.Release|Any CPU.Build.0 = Release|Any CPU
		{98D7593F-A65B-4FBC-A47A-F8D75A289DD3}.Debug|Any CPU.ActiveCfg = Debug|Any CPU
		{98D7593F-A65B-4FBC-A47A-F8D75A289DD3}.Debug|Any CPU.Build.0 = Debug|Any CPU
		{98D7593F-A65B-4FBC-A47A-F8D75A289DD3}.Release|Any CPU.ActiveCfg = Release|Any CPU
		{98D7593F-A65B-4FBC-A47A-F8D75A289DD3}.Release|Any CPU.Build.0 = Release|Any CPU
		{9A5978BF-741D-4FA8-A8C9-2703F78D9A54}.Debug|Any CPU.ActiveCfg = Debug|Any CPU
		{9A5978BF-741D-4FA8-A8C9-2703F78D9A54}.Debug|Any CPU.Build.0 = Debug|Any CPU
		{9A5978BF-741D-4FA8-A8C9-2703F78D9A54}.Release|Any CPU.ActiveCfg = Release|Any CPU
		{9A5978BF-741D-4FA8-A8C9-2703F78D9A54}.Release|Any CPU.Build.0 = Release|Any CPU
		{589F78AE-1EEE-4BE9-B2B6-07AD0888533A}.Debug|Any CPU.ActiveCfg = Debug|Any CPU
		{589F78AE-1EEE-4BE9-B2B6-07AD0888533A}.Debug|Any CPU.Build.0 = Debug|Any CPU
		{589F78AE-1EEE-4BE9-B2B6-07AD0888533A}.Release|Any CPU.ActiveCfg = Release|Any CPU
		{589F78AE-1EEE-4BE9-B2B6-07AD0888533A}.Release|Any CPU.Build.0 = Release|Any CPU
		{B7B1BEC9-E034-47AB-BECD-28F17F41E475}.Debug|Any CPU.ActiveCfg = Debug|Any CPU
		{B7B1BEC9-E034-47AB-BECD-28F17F41E475}.Debug|Any CPU.Build.0 = Debug|Any CPU
		{B7B1BEC9-E034-47AB-BECD-28F17F41E475}.Release|Any CPU.ActiveCfg = Release|Any CPU
		{B7B1BEC9-E034-47AB-BECD-28F17F41E475}.Release|Any CPU.Build.0 = Release|Any CPU
		{8DA6AD0B-4BF7-4FDD-B517-BE6A98825600}.Debug|Any CPU.ActiveCfg = Debug|Any CPU
		{8DA6AD0B-4BF7-4FDD-B517-BE6A98825600}.Debug|Any CPU.Build.0 = Debug|Any CPU
		{8DA6AD0B-4BF7-4FDD-B517-BE6A98825600}.Release|Any CPU.ActiveCfg = Release|Any CPU
		{8DA6AD0B-4BF7-4FDD-B517-BE6A98825600}.Release|Any CPU.Build.0 = Release|Any CPU
		{78DDA6B5-E6B0-4482-803D-2ABE895E4EF5}.Debug|Any CPU.ActiveCfg = Debug|Any CPU
		{78DDA6B5-E6B0-4482-803D-2ABE895E4EF5}.Debug|Any CPU.Build.0 = Debug|Any CPU
		{78DDA6B5-E6B0-4482-803D-2ABE895E4EF5}.Release|Any CPU.ActiveCfg = Release|Any CPU
		{78DDA6B5-E6B0-4482-803D-2ABE895E4EF5}.Release|Any CPU.Build.0 = Release|Any CPU
		{E56A9EEA-6A05-4931-8D75-45527C30CB50}.Debug|Any CPU.ActiveCfg = Debug|Any CPU
		{E56A9EEA-6A05-4931-8D75-45527C30CB50}.Debug|Any CPU.Build.0 = Debug|Any CPU
		{E56A9EEA-6A05-4931-8D75-45527C30CB50}.Release|Any CPU.ActiveCfg = Release|Any CPU
		{E56A9EEA-6A05-4931-8D75-45527C30CB50}.Release|Any CPU.Build.0 = Release|Any CPU
		{C6937C2F-4304-4086-B6D1-E523F56E45AE}.Debug|Any CPU.ActiveCfg = Debug|Any CPU
		{C6937C2F-4304-4086-B6D1-E523F56E45AE}.Debug|Any CPU.Build.0 = Debug|Any CPU
		{C6937C2F-4304-4086-B6D1-E523F56E45AE}.Release|Any CPU.ActiveCfg = Release|Any CPU
		{C6937C2F-4304-4086-B6D1-E523F56E45AE}.Release|Any CPU.Build.0 = Release|Any CPU
	EndGlobalSection
	GlobalSection(SolutionProperties) = preSolution
		HideSolutionNode = FALSE
	EndGlobalSection
	GlobalSection(ExtensibilityGlobals) = postSolution
		SolutionGuid = {5127BEB1-8B46-4F8D-BC58-69A69DF34915}
	EndGlobalSection
EndGlobal
